
Microsoft Visual Studio Solution File, Format Version 12.00
# Visual Studio 2013
VisualStudioVersion = 12.0.31101.0
MinimumVisualStudioVersion = 10.0.40219.1
Project("{2150E333-8FDC-42A3-9474-1A3956D46DE8}") = "BoundedContexts", "BoundedContexts", "{1DDF36E0-5E05-46A3-8B50-738583442531}"
EndProject
Project("{2150E333-8FDC-42A3-9474-1A3956D46DE8}") = "Logistics", "Logistics", "{5F54D3DC-9F86-4465-B8DE-60470DE7C037}"
EndProject
Project("{FAE04EC0-301F-11D3-BF4B-00C04F79EFBC}") = "Logistics.Domain", "Logistics.Domain\Logistics.Domain.csproj", "{C839CCFE-F30B-47F6-BE56-026677C7E010}"
EndProject
Project("{FAE04EC0-301F-11D3-BF4B-00C04F79EFBC}") = "Logistics.Infrastructure", "Logistics.Infrastructure\Logistics.Infrastructure.csproj", "{17A7CCA3-466B-4179-9944-A426E8CE6205}"
EndProject
Project("{2150E333-8FDC-42A3-9474-1A3956D46DE8}") = "Tests", "Tests", "{FEA3CD58-BE60-4AFC-A44E-E55BC6C47E68}"
EndProject
Project("{2150E333-8FDC-42A3-9474-1A3956D46DE8}") = "ObjectMothers", "ObjectMothers", "{AEAB2607-804F-4451-AEEA-5820A465342B}"
EndProject
Project("{2150E333-8FDC-42A3-9474-1A3956D46DE8}") = "UnitTests", "UnitTests", "{E529CEC7-9B64-494F-BEC7-F63DB5B2E713}"
EndProject
Project("{FAE04EC0-301F-11D3-BF4B-00C04F79EFBC}") = "Logistics.Application", "Logistics.Application\Logistics.Application.csproj", "{01B00D42-D7F5-4C76-B1E7-BC9F5D523FD3}"
EndProject
Project("{2150E333-8FDC-42A3-9474-1A3956D46DE8}") = "Repositories", "Repositories", "{DF1F093F-32FB-41C7-96D9-5378E48372AC}"
EndProject
Global
	GlobalSection(SolutionConfigurationPlatforms) = preSolution
		Debug|Any CPU = Debug|Any CPU
		Release|Any CPU = Release|Any CPU
	EndGlobalSection
	GlobalSection(ProjectConfigurationPlatforms) = postSolution
		{C839CCFE-F30B-47F6-BE56-026677C7E010}.Debug|Any CPU.ActiveCfg = Debug|Any CPU
		{C839CCFE-F30B-47F6-BE56-026677C7E010}.Debug|Any CPU.Build.0 = Debug|Any CPU
		{C839CCFE-F30B-47F6-BE56-026677C7E010}.Release|Any CPU.ActiveCfg = Release|Any CPU
		{C839CCFE-F30B-47F6-BE56-026677C7E010}.Release|Any CPU.Build.0 = Release|Any CPU
		{17A7CCA3-466B-4179-9944-A426E8CE6205}.Debug|Any CPU.ActiveCfg = Debug|Any CPU
		{17A7CCA3-466B-4179-9944-A426E8CE6205}.Debug|Any CPU.Build.0 = Debug|Any CPU
		{17A7CCA3-466B-4179-9944-A426E8CE6205}.Release|Any CPU.ActiveCfg = Release|Any CPU
		{17A7CCA3-466B-4179-9944-A426E8CE6205}.Release|Any CPU.Build.0 = Release|Any CPU
		{01B00D42-D7F5-4C76-B1E7-BC9F5D523FD3}.Debug|Any CPU.ActiveCfg = Debug|Any CPU
		{01B00D42-D7F5-4C76-B1E7-BC9F5D523FD3}.Debug|Any CPU.Build.0 = Debug|Any CPU
		{01B00D42-D7F5-4C76-B1E7-BC9F5D523FD3}.Release|Any CPU.ActiveCfg = Release|Any CPU
		{01B00D42-D7F5-4C76-B1E7-BC9F5D523FD3}.Release|Any CPU.Build.0 = Release|Any CPU
	EndGlobalSection
	GlobalSection(SolutionProperties) = preSolution
		HideSolutionNode = FALSE
	EndGlobalSection
	GlobalSection(NestedProjects) = preSolution
		{5F54D3DC-9F86-4465-B8DE-60470DE7C037} = {1DDF36E0-5E05-46A3-8B50-738583442531}
		{C839CCFE-F30B-47F6-BE56-026677C7E010} = {5F54D3DC-9F86-4465-B8DE-60470DE7C037}
		{17A7CCA3-466B-4179-9944-A426E8CE6205} = {5F54D3DC-9F86-4465-B8DE-60470DE7C037}
		{AEAB2607-804F-4451-AEEA-5820A465342B} = {FEA3CD58-BE60-4AFC-A44E-E55BC6C47E68}
		{E529CEC7-9B64-494F-BEC7-F63DB5B2E713} = {FEA3CD58-BE60-4AFC-A44E-E55BC6C47E68}
		{01B00D42-D7F5-4C76-B1E7-BC9F5D523FD3} = {5F54D3DC-9F86-4465-B8DE-60470DE7C037}
		{DF1F093F-32FB-41C7-96D9-5378E48372AC} = {AEAB2607-804F-4451-AEEA-5820A465342B}
	EndGlobalSection
EndGlobal
